
Microsoft Visual Studio Solution File, Format Version 12.00
# Visual Studio 15
VisualStudioVersion = 15.0.26124.0
MinimumVisualStudioVersion = 15.0.26124.0
Project("{FAE04EC0-301F-11D3-BF4B-00C04F79EFBC}") = "GameServer", "GameServer\GameServer.csproj", "{4DDE2666-2F50-4854-9CED-2D56F8363103}"
EndProject
Project("{FAE04EC0-301F-11D3-BF4B-00C04F79EFBC}") = "GameServer.Tests", "GameServer.Tests\GameServer.Tests.csproj", "{6AC24FFA-F73C-4ABD-852E-6C83A8451448}"
EndProject
Global
	GlobalSection(SolutionConfigurationPlatforms) = preSolution
		Debug|Any CPU = Debug|Any CPU
		Debug|x64 = Debug|x64
		Debug|x86 = Debug|x86
		Release|Any CPU = Release|Any CPU
		Release|x64 = Release|x64
		Release|x86 = Release|x86
	EndGlobalSection
	GlobalSection(SolutionProperties) = preSolution
		HideSolutionNode = FALSE
	EndGlobalSection
	GlobalSection(ProjectConfigurationPlatforms) = postSolution
		{4DDE2666-2F50-4854-9CED-2D56F8363103}.Debug|Any CPU.ActiveCfg = Debug|Any CPU
		{4DDE2666-2F50-4854-9CED-2D56F8363103}.Debug|Any CPU.Build.0 = Debug|Any CPU
		{4DDE2666-2F50-4854-9CED-2D56F8363103}.Debug|x64.ActiveCfg = Debug|Any CPU
		{4DDE2666-2F50-4854-9CED-2D56F8363103}.Debug|x64.Build.0 = Debug|Any CPU
		{4DDE2666-2F50-4854-9CED-2D56F8363103}.Debug|x86.ActiveCfg = Debug|Any CPU
		{4DDE2666-2F50-4854-9CED-2D56F8363103}.Debug|x86.Build.0 = Debug|Any CPU
		{4DDE2666-2F50-4854-9CED-2D56F8363103}.Release|Any CPU.ActiveCfg = Release|Any CPU
		{4DDE2666-2F50-4854-9CED-2D56F8363103}.Release|Any CPU.Build.0 = Release|Any CPU
		{4DDE2666-2F50-4854-9CED-2D56F8363103}.Release|x64.ActiveCfg = Release|Any CPU
		{4DDE2666-2F50-4854-9CED-2D56F8363103}.Release|x64.Build.0 = Release|Any CPU
		{4DDE2666-2F50-4854-9CED-2D56F8363103}.Release|x86.ActiveCfg = Release|Any CPU
		{4DDE2666-2F50-4854-9CED-2D56F8363103}.Release|x86.Build.0 = Release|Any CPU
		{6AC24FFA-F73C-4ABD-852E-6C83A8451448}.Debug|Any CPU.ActiveCfg = Debug|Any CPU
		{6AC24FFA-F73C-4ABD-852E-6C83A8451448}.Debug|Any CPU.Build.0 = Debug|Any CPU
		{6AC24FFA-F73C-4ABD-852E-6C83A8451448}.Debug|x64.ActiveCfg = Debug|Any CPU
		{6AC24FFA-F73C-4ABD-852E-6C83A8451448}.Debug|x64.Build.0 = Debug|Any CPU
		{6AC24FFA-F73C-4ABD-852E-6C83A8451448}.Debug|x86.ActiveCfg = Debug|Any CPU
		{6AC24FFA-F73C-4ABD-852E-6C83A8451448}.Debug|x86.Build.0 = Debug|Any CPU
		{6AC24FFA-F73C-4ABD-852E-6C83A8451448}.Release|Any CPU.ActiveCfg = Release|Any CPU
		{6AC24FFA-F73C-4ABD-852E-6C83A8451448}.Release|Any CPU.Build.0 = Release|Any CPU
		{6AC24FFA-F73C-4ABD-852E-6C83A8451448}.Release|x64.ActiveCfg = Release|Any CPU
		{6AC24FFA-F73C-4ABD-852E-6C83A8451448}.Release|x64.Build.0 = Release|Any CPU
		{6AC24FFA-F73C-4ABD-852E-6C83A8451448}.Release|x86.ActiveCfg = Release|Any CPU
		{6AC24FFA-F73C-4ABD-852E-6C83A8451448}.Release|x86.Build.0 = Release|Any CPU
	EndGlobalSection
EndGlobal
